
Microsoft Visual Studio Solution File, Format Version 12.00
# Visual Studio 15
Project("{FAE04EC0-301F-11D3-BF4B-00C04F79EFBC}") = "viastelle_xmform.Android", "viastelle_xmform.Android\viastelle_xmform.Android.csproj", "{6F52EEDC-0B8B-45E6-9954-690CC79C981E}"
EndProject
Project("{FAE04EC0-301F-11D3-BF4B-00C04F79EFBC}") = "viastelle_xmform.iOS", "viastelle_xmform.iOS\viastelle_xmform.iOS.csproj", "{8D03780E-0A8A-45FA-B5AF-C27D048F5507}"
EndProject
Project("{FAE04EC0-301F-11D3-BF4B-00C04F79EFBC}") = "viastelle_xmform", "viastelle_xmform\viastelle_xmform.csproj", "{79A8735E-40AB-4D7A-839F-F46DA9935F11}"
EndProject
Global
	GlobalSection(SolutionConfigurationPlatforms) = preSolution
		Debug|Any CPU = Debug|Any CPU
		Release|Any CPU = Release|Any CPU
		Debug|iPhoneSimulator = Debug|iPhoneSimulator
		Release|iPhoneSimulator = Release|iPhoneSimulator
		Debug|iPhone = Debug|iPhone
		Release|iPhone = Release|iPhone
	EndGlobalSection
	GlobalSection(ProjectConfigurationPlatforms) = postSolution
		{6F52EEDC-0B8B-45E6-9954-690CC79C981E}.Debug|Any CPU.ActiveCfg = Debug|Any CPU
		{6F52EEDC-0B8B-45E6-9954-690CC79C981E}.Debug|Any CPU.Build.0 = Debug|Any CPU
		{6F52EEDC-0B8B-45E6-9954-690CC79C981E}.Release|Any CPU.ActiveCfg = Release|Any CPU
		{6F52EEDC-0B8B-45E6-9954-690CC79C981E}.Release|Any CPU.Build.0 = Release|Any CPU
		{6F52EEDC-0B8B-45E6-9954-690CC79C981E}.Debug|iPhoneSimulator.ActiveCfg = Debug|Any CPU
		{6F52EEDC-0B8B-45E6-9954-690CC79C981E}.Debug|iPhoneSimulator.Build.0 = Debug|Any CPU
		{6F52EEDC-0B8B-45E6-9954-690CC79C981E}.Release|iPhoneSimulator.ActiveCfg = Release|Any CPU
		{6F52EEDC-0B8B-45E6-9954-690CC79C981E}.Release|iPhoneSimulator.Build.0 = Release|Any CPU
		{6F52EEDC-0B8B-45E6-9954-690CC79C981E}.Debug|iPhone.ActiveCfg = Debug|Any CPU
		{6F52EEDC-0B8B-45E6-9954-690CC79C981E}.Debug|iPhone.Build.0 = Debug|Any CPU
		{6F52EEDC-0B8B-45E6-9954-690CC79C981E}.Release|iPhone.ActiveCfg = Release|Any CPU
		{6F52EEDC-0B8B-45E6-9954-690CC79C981E}.Release|iPhone.Build.0 = Release|Any CPU
		{8D03780E-0A8A-45FA-B5AF-C27D048F5507}.Debug|Any CPU.ActiveCfg = Debug|iPhoneSimulator
		{8D03780E-0A8A-45FA-B5AF-C27D048F5507}.Debug|Any CPU.Build.0 = Debug|iPhoneSimulator
		{8D03780E-0A8A-45FA-B5AF-C27D048F5507}.Release|Any CPU.ActiveCfg = Release|iPhoneSimulator
		{8D03780E-0A8A-45FA-B5AF-C27D048F5507}.Release|Any CPU.Build.0 = Release|iPhoneSimulator
		{8D03780E-0A8A-45FA-B5AF-C27D048F5507}.Debug|iPhoneSimulator.ActiveCfg = Debug|iPhoneSimulator
		{8D03780E-0A8A-45FA-B5AF-C27D048F5507}.Debug|iPhoneSimulator.Build.0 = Debug|iPhoneSimulator
		{8D03780E-0A8A-45FA-B5AF-C27D048F5507}.Release|iPhoneSimulator.ActiveCfg = Release|iPhoneSimulator
		{8D03780E-0A8A-45FA-B5AF-C27D048F5507}.Release|iPhoneSimulator.Build.0 = Release|iPhoneSimulator
		{8D03780E-0A8A-45FA-B5AF-C27D048F5507}.Debug|iPhone.ActiveCfg = Debug|iPhone
		{8D03780E-0A8A-45FA-B5AF-C27D048F5507}.Debug|iPhone.Build.0 = Debug|iPhone
		{8D03780E-0A8A-45FA-B5AF-C27D048F5507}.Release|iPhone.ActiveCfg = Release|iPhone
		{8D03780E-0A8A-45FA-B5AF-C27D048F5507}.Release|iPhone.Build.0 = Release|iPhone
		{79A8735E-40AB-4D7A-839F-F46DA9935F11}.Debug|Any CPU.ActiveCfg = Debug|Any CPU
		{79A8735E-40AB-4D7A-839F-F46DA9935F11}.Debug|Any CPU.Build.0 = Debug|Any CPU
		{79A8735E-40AB-4D7A-839F-F46DA9935F11}.Release|Any CPU.ActiveCfg = Release|Any CPU
		{79A8735E-40AB-4D7A-839F-F46DA9935F11}.Release|Any CPU.Build.0 = Release|Any CPU
		{79A8735E-40AB-4D7A-839F-F46DA9935F11}.Debug|iPhoneSimulator.ActiveCfg = Debug|Any CPU
		{79A8735E-40AB-4D7A-839F-F46DA9935F11}.Debug|iPhoneSimulator.Build.0 = Debug|Any CPU
		{79A8735E-40AB-4D7A-839F-F46DA9935F11}.Release|iPhoneSimulator.ActiveCfg = Release|Any CPU
		{79A8735E-40AB-4D7A-839F-F46DA9935F11}.Release|iPhoneSimulator.Build.0 = Release|Any CPU
		{79A8735E-40AB-4D7A-839F-F46DA9935F11}.Debug|iPhone.ActiveCfg = Debug|Any CPU
		{79A8735E-40AB-4D7A-839F-F46DA9935F11}.Debug|iPhone.Build.0 = Debug|Any CPU
		{79A8735E-40AB-4D7A-839F-F46DA9935F11}.Release|iPhone.ActiveCfg = Release|Any CPU
		{79A8735E-40AB-4D7A-839F-F46DA9935F11}.Release|iPhone.Build.0 = Release|Any CPU
	EndGlobalSection
EndGlobal
